// !$*UTF8*$!
{
	archiveVersion = 1;
	classes = {
	};
	objectVersion = 46;
	objects = {

/* Begin PBXBuildFile section */
		DE02A5F115D99FAB0088E687 /* UIKit.framework in Frameworks */ = {isa = PBXBuildFile; fileRef = DE02A5F015D99FAB0088E687 /* UIKit.framework */; };
		DE02A5F315D99FAB0088E687 /* Foundation.framework in Frameworks */ = {isa = PBXBuildFile; fileRef = DE02A5F215D99FAB0088E687 /* Foundation.framework */; };
		DE02A5F515D99FAB0088E687 /* CoreGraphics.framework in Frameworks */ = {isa = PBXBuildFile; fileRef = DE02A5F415D99FAB0088E687 /* CoreGraphics.framework */; };
		DE02A5FB15D99FAB0088E687 /* InfoPlist.strings in Resources */ = {isa = PBXBuildFile; fileRef = DE02A5F915D99FAB0088E687 /* InfoPlist.strings */; };
		DE02A5FD15D99FAB0088E687 /* main.m in Sources */ = {isa = PBXBuildFile; fileRef = DE02A5FC15D99FAB0088E687 /* main.m */; };
		DE02A60115D99FAB0088E687 /* DIYAppDelegate.m in Sources */ = {isa = PBXBuildFile; fileRef = DE02A60015D99FAB0088E687 /* DIYAppDelegate.m */; };
		DE02A61A15D9D9450088E687 /* DIYViewController.m in Sources */ = {isa = PBXBuildFile; fileRef = DE02A61815D9D9450088E687 /* DIYViewController.m */; };
		DE02A61B15D9D9450088E687 /* DIYViewController.xib in Resources */ = {isa = PBXBuildFile; fileRef = DE02A61915D9D9450088E687 /* DIYViewController.xib */; };
		DE18333315E2E50000F391C5 /* DIYMenu.m in Sources */ = {isa = PBXBuildFile; fileRef = DE18332B15E2E50000F391C5 /* DIYMenu.m */; };
		DE18333515E2E50000F391C5 /* DIYMenuItem.m in Sources */ = {isa = PBXBuildFile; fileRef = DE18332F15E2E50000F391C5 /* DIYMenuItem.m */; };
		DE330C5315DB1D93002625D8 /* skillsIcon@2x.png in Resources */ = {isa = PBXBuildFile; fileRef = DE330C5215DB1D93002625D8 /* skillsIcon@2x.png */; };
		DE330C6015DB2CA2002625D8 /* QuartzCore.framework in Frameworks */ = {isa = PBXBuildFile; fileRef = DE330C5F15DB2CA2002625D8 /* QuartzCore.framework */; };
		DE37534615DC4D200034BC6E /* cameraIcon@2x.png in Resources */ = {isa = PBXBuildFile; fileRef = DE37534015DC4D200034BC6E /* cameraIcon@2x.png */; };
		DE37534715DC4D200034BC6E /* dismissIcon@2x.png in Resources */ = {isa = PBXBuildFile; fileRef = DE37534115DC4D200034BC6E /* dismissIcon@2x.png */; };
		DE37534815DC4D200034BC6E /* exploreIcon@2x.png in Resources */ = {isa = PBXBuildFile; fileRef = DE37534215DC4D200034BC6E /* exploreIcon@2x.png */; };
		DE37534915DC4D200034BC6E /* portfolioIcon@2x.png in Resources */ = {isa = PBXBuildFile; fileRef = DE37534315DC4D200034BC6E /* portfolioIcon@2x.png */; };
		DE37534A15DC4D200034BC6E /* settingsIcon@2x.png in Resources */ = {isa = PBXBuildFile; fileRef = DE37534415DC4D200034BC6E /* settingsIcon@2x.png */; };
		DEFB665F15E5A211003596F1 /* DIYWindowPassthrough.m in Sources */ = {isa = PBXBuildFile; fileRef = DEFB665E15E5A211003596F1 /* DIYWindowPassthrough.m */; };
/* End PBXBuildFile section */

/* Begin PBXFileReference section */
		DE02A5EC15D99FAB0088E687 /* DIYMenu.app */ = {isa = PBXFileReference; explicitFileType = wrapper.application; includeInIndex = 0; path = DIYMenu.app; sourceTree = BUILT_PRODUCTS_DIR; };
		DE02A5F015D99FAB0088E687 /* UIKit.framework */ = {isa = PBXFileReference; lastKnownFileType = wrapper.framework; name = UIKit.framework; path = System/Library/Frameworks/UIKit.framework; sourceTree = SDKROOT; };
		DE02A5F215D99FAB0088E687 /* Foundation.framework */ = {isa = PBXFileReference; lastKnownFileType = wrapper.framework; name = Foundation.framework; path = System/Library/Frameworks/Foundation.framework; sourceTree = SDKROOT; };
		DE02A5F415D99FAB0088E687 /* CoreGraphics.framework */ = {isa = PBXFileReference; lastKnownFileType = wrapper.framework; name = CoreGraphics.framework; path = System/Library/Frameworks/CoreGraphics.framework; sourceTree = SDKROOT; };
		DE02A5F815D99FAB0088E687 /* DIYMenu-Info.plist */ = {isa = PBXFileReference; lastKnownFileType = text.plist.xml; path = "DIYMenu-Info.plist"; sourceTree = "<group>"; };
		DE02A5FA15D99FAB0088E687 /* en */ = {isa = PBXFileReference; lastKnownFileType = text.plist.strings; name = en; path = en.lproj/InfoPlist.strings; sourceTree = "<group>"; };
		DE02A5FC15D99FAB0088E687 /* main.m */ = {isa = PBXFileReference; lastKnownFileType = sourcecode.c.objc; path = main.m; sourceTree = "<group>"; };
		DE02A5FE15D99FAB0088E687 /* DIYMenu-Prefix.pch */ = {isa = PBXFileReference; lastKnownFileType = sourcecode.c.h; path = "DIYMenu-Prefix.pch"; sourceTree = "<group>"; };
		DE02A5FF15D99FAB0088E687 /* DIYAppDelegate.h */ = {isa = PBXFileReference; lastKnownFileType = sourcecode.c.h; path = DIYAppDelegate.h; sourceTree = "<group>"; };
		DE02A60015D99FAB0088E687 /* DIYAppDelegate.m */ = {isa = PBXFileReference; lastKnownFileType = sourcecode.c.objc; path = DIYAppDelegate.m; sourceTree = "<group>"; };
		DE02A61715D9D9450088E687 /* DIYViewController.h */ = {isa = PBXFileReference; fileEncoding = 4; lastKnownFileType = sourcecode.c.h; path = DIYViewController.h; sourceTree = "<group>"; };
		DE02A61815D9D9450088E687 /* DIYViewController.m */ = {isa = PBXFileReference; fileEncoding = 4; lastKnownFileType = sourcecode.c.objc; path = DIYViewController.m; sourceTree = "<group>"; };
		DE02A61915D9D9450088E687 /* DIYViewController.xib */ = {isa = PBXFileReference; fileEncoding = 4; lastKnownFileType = file.xib; path = DIYViewController.xib; sourceTree = "<group>"; };
		DE18332A15E2E50000F391C5 /* DIYMenu.h */ = {isa = PBXFileReference; fileEncoding = 4; lastKnownFileType = sourcecode.c.h; path = DIYMenu.h; sourceTree = "<group>"; };
		DE18332B15E2E50000F391C5 /* DIYMenu.m */ = {isa = PBXFileReference; fileEncoding = 4; lastKnownFileType = sourcecode.c.objc; path = DIYMenu.m; sourceTree = "<group>"; };
		DE18332E15E2E50000F391C5 /* DIYMenuItem.h */ = {isa = PBXFileReference; fileEncoding = 4; lastKnownFileType = sourcecode.c.h; path = DIYMenuItem.h; sourceTree = "<group>"; };
		DE18332F15E2E50000F391C5 /* DIYMenuItem.m */ = {isa = PBXFileReference; fileEncoding = 4; lastKnownFileType = sourcecode.c.objc; lineEnding = 0; path = DIYMenuItem.m; sourceTree = "<group>"; xcLanguageSpecificationIdentifier = xcode.lang.objc; };
		DE18333015E2E50000F391C5 /* DIYMenuOptions.h */ = {isa = PBXFileReference; fileEncoding = 4; lastKnownFileType = sourcecode.c.h; path = DIYMenuOptions.h; sourceTree = "<group>"; };
		DE330C5215DB1D93002625D8 /* skillsIcon@2x.png */ = {isa = PBXFileReference; lastKnownFileType = image.png; path = "skillsIcon@2x.png"; sourceTree = "<group>"; };
		DE330C5F15DB2CA2002625D8 /* QuartzCore.framework */ = {isa = PBXFileReference; lastKnownFileType = wrapper.framework; name = QuartzCore.framework; path = System/Library/Frameworks/QuartzCore.framework; sourceTree = SDKROOT; };
		DE37534015DC4D200034BC6E /* cameraIcon@2x.png */ = {isa = PBXFileReference; lastKnownFileType = image.png; path = "cameraIcon@2x.png"; sourceTree = "<group>"; };
		DE37534115DC4D200034BC6E /* dismissIcon@2x.png */ = {isa = PBXFileReference; lastKnownFileType = image.png; path = "dismissIcon@2x.png"; sourceTree = "<group>"; };
		DE37534215DC4D200034BC6E /* exploreIcon@2x.png */ = {isa = PBXFileReference; lastKnownFileType = image.png; path = "exploreIcon@2x.png"; sourceTree = "<group>"; };
		DE37534315DC4D200034BC6E /* portfolioIcon@2x.png */ = {isa = PBXFileReference; lastKnownFileType = image.png; path = "portfolioIcon@2x.png"; sourceTree = "<group>"; };
		DE37534415DC4D200034BC6E /* settingsIcon@2x.png */ = {isa = PBXFileReference; lastKnownFileType = image.png; path = "settingsIcon@2x.png"; sourceTree = "<group>"; };
		DEFB665D15E5A211003596F1 /* DIYWindowPassthrough.h */ = {isa = PBXFileReference; fileEncoding = 4; lastKnownFileType = sourcecode.c.h; path = DIYWindowPassthrough.h; sourceTree = "<group>"; };
		DEFB665E15E5A211003596F1 /* DIYWindowPassthrough.m */ = {isa = PBXFileReference; fileEncoding = 4; lastKnownFileType = sourcecode.c.objc; path = DIYWindowPassthrough.m; sourceTree = "<group>"; };
/* End PBXFileReference section */

/* Begin PBXFrameworksBuildPhase section */
		DE02A5E915D99FAB0088E687 /* Frameworks */ = {
			isa = PBXFrameworksBuildPhase;
			buildActionMask = 2147483647;
			files = (
				DE330C6015DB2CA2002625D8 /* QuartzCore.framework in Frameworks */,
				DE02A5F115D99FAB0088E687 /* UIKit.framework in Frameworks */,
				DE02A5F315D99FAB0088E687 /* Foundation.framework in Frameworks */,
				DE02A5F515D99FAB0088E687 /* CoreGraphics.framework in Frameworks */,
			);
			runOnlyForDeploymentPostprocessing = 0;
		};
/* End PBXFrameworksBuildPhase section */

/* Begin PBXGroup section */
		DE02A5E115D99FAB0088E687 = {
			isa = PBXGroup;
			children = (
				DE18332915E2E50000F391C5 /* DIYMenu */,
				DE02A5F615D99FAB0088E687 /* Example */,
				DE02A5EF15D99FAB0088E687 /* Frameworks */,
				DE02A5ED15D99FAB0088E687 /* Products */,
			);
			sourceTree = "<group>";
		};
		DE02A5ED15D99FAB0088E687 /* Products */ = {
			isa = PBXGroup;
			children = (
				DE02A5EC15D99FAB0088E687 /* DIYMenu.app */,
			);
			name = Products;
			sourceTree = "<group>";
		};
		DE02A5EF15D99FAB0088E687 /* Frameworks */ = {
			isa = PBXGroup;
			children = (
				DE330C5F15DB2CA2002625D8 /* QuartzCore.framework */,
				DE02A5F015D99FAB0088E687 /* UIKit.framework */,
				DE02A5F215D99FAB0088E687 /* Foundation.framework */,
				DE02A5F415D99FAB0088E687 /* CoreGraphics.framework */,
			);
			name = Frameworks;
			sourceTree = "<group>";
		};
		DE02A5F615D99FAB0088E687 /* Example */ = {
			isa = PBXGroup;
			children = (
				DE02A5FF15D99FAB0088E687 /* DIYAppDelegate.h */,
				DE02A60015D99FAB0088E687 /* DIYAppDelegate.m */,
				DE02A61715D9D9450088E687 /* DIYViewController.h */,
				DE02A61815D9D9450088E687 /* DIYViewController.m */,
				DE02A61915D9D9450088E687 /* DIYViewController.xib */,
				DE02A5F715D99FAB0088E687 /* Supporting Files */,
			);
			name = Example;
			path = DIYHeaderMenu;
			sourceTree = "<group>";
		};
		DE02A5F715D99FAB0088E687 /* Supporting Files */ = {
			isa = PBXGroup;
			children = (
				DE37534015DC4D200034BC6E /* cameraIcon@2x.png */,
				DE37534115DC4D200034BC6E /* dismissIcon@2x.png */,
				DE37534215DC4D200034BC6E /* exploreIcon@2x.png */,
				DE37534315DC4D200034BC6E /* portfolioIcon@2x.png */,
				DE37534415DC4D200034BC6E /* settingsIcon@2x.png */,
				DE330C5215DB1D93002625D8 /* skillsIcon@2x.png */,
				DE02A5F815D99FAB0088E687 /* DIYMenu-Info.plist */,
				DE02A5F915D99FAB0088E687 /* InfoPlist.strings */,
				DE02A5FC15D99FAB0088E687 /* main.m */,
				DE02A5FE15D99FAB0088E687 /* DIYMenu-Prefix.pch */,
			);
			name = "Supporting Files";
			sourceTree = "<group>";
		};
		DE18332915E2E50000F391C5 /* DIYMenu */ = {
			isa = PBXGroup;
			children = (
				DE18332A15E2E50000F391C5 /* DIYMenu.h */,
				DE18332B15E2E50000F391C5 /* DIYMenu.m */,
				DE18332E15E2E50000F391C5 /* DIYMenuItem.h */,
				DE18332F15E2E50000F391C5 /* DIYMenuItem.m */,
				DE18333015E2E50000F391C5 /* DIYMenuOptions.h */,
				DEFB665D15E5A211003596F1 /* DIYWindowPassthrough.h */,
				DEFB665E15E5A211003596F1 /* DIYWindowPassthrough.m */,
			);
			name = DIYMenu;
			path = ../DIYMenu;
			sourceTree = "<group>";
		};
/* End PBXGroup section */

/* Begin PBXNativeTarget section */
		DE02A5EB15D99FAB0088E687 /* DIYMenu */ = {
			isa = PBXNativeTarget;
			buildConfigurationList = DE02A60415D99FAB0088E687 /* Build configuration list for PBXNativeTarget "DIYMenu" */;
			buildPhases = (
				DE02A5E815D99FAB0088E687 /* Sources */,
				DE02A5E915D99FAB0088E687 /* Frameworks */,
				DE02A5EA15D99FAB0088E687 /* Resources */,
			);
			buildRules = (
			);
			dependencies = (
			);
			name = DIYMenu;
			productName = DIYHeaderMenu;
			productReference = DE02A5EC15D99FAB0088E687 /* DIYMenu.app */;
			productType = "com.apple.product-type.application";
		};
/* End PBXNativeTarget section */

/* Begin PBXProject section */
		DE02A5E315D99FAB0088E687 /* Project object */ = {
			isa = PBXProject;
			attributes = {
				CLASSPREFIX = DIY;
				LastUpgradeCheck = 0440;
				ORGANIZATIONNAME = DIY;
			};
			buildConfigurationList = DE02A5E615D99FAB0088E687 /* Build configuration list for PBXProject "DIYMenu" */;
			compatibilityVersion = "Xcode 3.2";
			developmentRegion = English;
			hasScannedForEncodings = 0;
			knownRegions = (
				en,
			);
			mainGroup = DE02A5E115D99FAB0088E687;
			productRefGroup = DE02A5ED15D99FAB0088E687 /* Products */;
			projectDirPath = "";
			projectRoot = "";
			targets = (
				DE02A5EB15D99FAB0088E687 /* DIYMenu */,
			);
		};
/* End PBXProject section */

/* Begin PBXResourcesBuildPhase section */
		DE02A5EA15D99FAB0088E687 /* Resources */ = {
			isa = PBXResourcesBuildPhase;
			buildActionMask = 2147483647;
			files = (
				DE02A5FB15D99FAB0088E687 /* InfoPlist.strings in Resources */,
				DE02A61B15D9D9450088E687 /* DIYViewController.xib in Resources */,
				DE330C5315DB1D93002625D8 /* skillsIcon@2x.png in Resources */,
				DE37534615DC4D200034BC6E /* cameraIcon@2x.png in Resources */,
				DE37534715DC4D200034BC6E /* dismissIcon@2x.png in Resources */,
				DE37534815DC4D200034BC6E /* exploreIcon@2x.png in Resources */,
				DE37534915DC4D200034BC6E /* portfolioIcon@2x.png in Resources */,
				DE37534A15DC4D200034BC6E /* settingsIcon@2x.png in Resources */,
			);
			runOnlyForDeploymentPostprocessing = 0;
		};
/* End PBXResourcesBuildPhase section */

/* Begin PBXSourcesBuildPhase section */
		DE02A5E815D99FAB0088E687 /* Sources */ = {
			isa = PBXSourcesBuildPhase;
			buildActionMask = 2147483647;
			files = (
				DE02A5FD15D99FAB0088E687 /* main.m in Sources */,
				DE02A60115D99FAB0088E687 /* DIYAppDelegate.m in Sources */,
				DE02A61A15D9D9450088E687 /* DIYViewController.m in Sources */,
				DE18333315E2E50000F391C5 /* DIYMenu.m in Sources */,
				DE18333515E2E50000F391C5 /* DIYMenuItem.m in Sources */,
				DEFB665F15E5A211003596F1 /* DIYWindowPassthrough.m in Sources */,
			);
			runOnlyForDeploymentPostprocessing = 0;
		};
/* End PBXSourcesBuildPhase section */

/* Begin PBXVariantGroup section */
		DE02A5F915D99FAB0088E687 /* InfoPlist.strings */ = {
			isa = PBXVariantGroup;
			children = (
				DE02A5FA15D99FAB0088E687 /* en */,
			);
			name = InfoPlist.strings;
			sourceTree = "<group>";
		};
/* End PBXVariantGroup section */

/* Begin XCBuildConfiguration section */
		DE02A60215D99FAB0088E687 /* Debug */ = {
			isa = XCBuildConfiguration;
			buildSettings = {
				ALWAYS_SEARCH_USER_PATHS = NO;
				ARCHS = "$(ARCHS_STANDARD_32_BIT)";
				CLANG_CXX_LANGUAGE_STANDARD = "gnu++0x";
				CLANG_WARN__DUPLICATE_METHOD_MATCH = YES;
				"CODE_SIGN_IDENTITY[sdk=iphoneos*]" = "iPhone Developer";
				COPY_PHASE_STRIP = NO;
				GCC_C_LANGUAGE_STANDARD = gnu99;
				GCC_DYNAMIC_NO_PIC = NO;
				GCC_OPTIMIZATION_LEVEL = 0;
				GCC_PREPROCESSOR_DEFINITIONS = (
					"DEBUG=1",
					"$(inherited)",
				);
				GCC_SYMBOLS_PRIVATE_EXTERN = NO;
				GCC_VERSION = com.apple.compilers.llvm.clang.1_0;
				GCC_WARN_ABOUT_RETURN_TYPE = YES;
				GCC_WARN_UNINITIALIZED_AUTOS = YES;
				GCC_WARN_UNUSED_VARIABLE = YES;
				IPHONEOS_DEPLOYMENT_TARGET = 5.0;
				SDKROOT = iphoneos;
			};
			name = Debug;
		};
		DE02A60315D99FAB0088E687 /* Release */ = {
			isa = XCBuildConfiguration;
			buildSettings = {
				ALWAYS_SEARCH_USER_PATHS = NO;
				ARCHS = "$(ARCHS_STANDARD_32_BIT)";
				CLANG_CXX_LANGUAGE_STANDARD = "gnu++0x";
				CLANG_WARN__DUPLICATE_METHOD_MATCH = YES;
				"CODE_SIGN_IDENTITY[sdk=iphoneos*]" = "iPhone Developer";
				COPY_PHASE_STRIP = YES;
				GCC_C_LANGUAGE_STANDARD = gnu99;
				GCC_VERSION = com.apple.compilers.llvm.clang.1_0;
				GCC_WARN_ABOUT_RETURN_TYPE = YES;
				GCC_WARN_UNINITIALIZED_AUTOS = YES;
				GCC_WARN_UNUSED_VARIABLE = YES;
				IPHONEOS_DEPLOYMENT_TARGET = 5.0;
				OTHER_CFLAGS = "-DNS_BLOCK_ASSERTIONS=1";
				SDKROOT = iphoneos;
				VALIDATE_PRODUCT = YES;
			};
			name = Release;
		};
		DE02A60515D99FAB0088E687 /* Debug */ = {
			isa = XCBuildConfiguration;
			buildSettings = {
				CLANG_ENABLE_OBJC_ARC = YES;
				GCC_PRECOMPILE_PREFIX_HEADER = YES;
				GCC_PREFIX_HEADER = "DIYHeaderMenu/DIYMenu-Prefix.pch";
				INFOPLIST_FILE = "DIYHeaderMenu/DIYMenu-Info.plist";
				PRODUCT_NAME = DIYMenu;
				WRAPPER_EXTENSION = app;
			};
			name = Debug;
		};
		DE02A60615D99FAB0088E687 /* Release */ = {
			isa = XCBuildConfiguration;
			buildSettings = {
				CLANG_ENABLE_OBJC_ARC = YES;
				GCC_PRECOMPILE_PREFIX_HEADER = YES;
				GCC_PREFIX_HEADER = "DIYHeaderMenu/DIYMenu-Prefix.pch";
				INFOPLIST_FILE = "DIYHeaderMenu/DIYMenu-Info.plist";
				PRODUCT_NAME = DIYMenu;
				WRAPPER_EXTENSION = app;
			};
			name = Release;
		};
/* End XCBuildConfiguration section */

/* Begin XCConfigurationList section */
		DE02A5E615D99FAB0088E687 /* Build configuration list for PBXProject "DIYMenu" */ = {
			isa = XCConfigurationList;
			buildConfigurations = (
				DE02A60215D99FAB0088E687 /* Debug */,
				DE02A60315D99FAB0088E687 /* Release */,
			);
			defaultConfigurationIsVisible = 0;
			defaultConfigurationName = Release;
		};
		DE02A60415D99FAB0088E687 /* Build configuration list for PBXNativeTarget "DIYMenu" */ = {
			isa = XCConfigurationList;
			buildConfigurations = (
				DE02A60515D99FAB0088E687 /* Debug */,
				DE02A60615D99FAB0088E687 /* Release */,
			);
			defaultConfigurationIsVisible = 0;
			defaultConfigurationName = Release;
		};
/* End XCConfigurationList section */
	};
	rootObject = DE02A5E315D99FAB0088E687 /* Project object */;
}
